
Microsoft Visual Studio Solution File, Format Version 12.00
# Visual Studio Version 17
VisualStudioVersion = 17.10.35027.167
MinimumVisualStudioVersion = 10.0.40219.1
Project("{FAE04EC0-301F-11D3-BF4B-00C04F79EFBC}") = "Litsa doble ligada", "Litsa doble ligada\Litsa doble ligada.csproj", "{0A726901-4D1E-425B-8690-8B57E99FFCBC}"
EndProject
Global
	GlobalSection(SolutionConfigurationPlatforms) = preSolution
		Debug|Any CPU = Debug|Any CPU
		Release|Any CPU = Release|Any CPU
	EndGlobalSection
	GlobalSection(ProjectConfigurationPlatforms) = postSolution
		{0A726901-4D1E-425B-8690-8B57E99FFCBC}.Debug|Any CPU.ActiveCfg = Debug|Any CPU
		{0A726901-4D1E-425B-8690-8B57E99FFCBC}.Debug|Any CPU.Build.0 = Debug|Any CPU
		{0A726901-4D1E-425B-8690-8B57E99FFCBC}.Release|Any CPU.ActiveCfg = Release|Any CPU
		{0A726901-4D1E-425B-8690-8B57E99FFCBC}.Release|Any CPU.Build.0 = Release|Any CPU
	EndGlobalSection
	GlobalSection(SolutionProperties) = preSolution
		HideSolutionNode = FALSE
	EndGlobalSection
	GlobalSection(ExtensibilityGlobals) = postSolution
		SolutionGuid = {60720566-7D21-48A0-A9ED-C44E512D5C0E}
	EndGlobalSection
EndGlobal
