
Microsoft Visual Studio Solution File, Format Version 12.00
# Visual Studio Version 17
VisualStudioVersion = 17.10.35027.167
MinimumVisualStudioVersion = 10.0.40219.1
Project("{FAE04EC0-301F-11D3-BF4B-00C04F79EFBC}") = "Apiprubas", "Apiprubas\Apiprubas.csproj", "{498FAEA6-2519-4123-AD49-00121B16637B}"
EndProject
Global
	GlobalSection(SolutionConfigurationPlatforms) = preSolution
		Debug|Any CPU = Debug|Any CPU
		Release|Any CPU = Release|Any CPU
	EndGlobalSection
	GlobalSection(ProjectConfigurationPlatforms) = postSolution
		{498FAEA6-2519-4123-AD49-00121B16637B}.Debug|Any CPU.ActiveCfg = Debug|Any CPU
		{498FAEA6-2519-4123-AD49-00121B16637B}.Debug|Any CPU.Build.0 = Debug|Any CPU
		{498FAEA6-2519-4123-AD49-00121B16637B}.Release|Any CPU.ActiveCfg = Release|Any CPU
		{498FAEA6-2519-4123-AD49-00121B16637B}.Release|Any CPU.Build.0 = Release|Any CPU
	EndGlobalSection
	GlobalSection(SolutionProperties) = preSolution
		HideSolutionNode = FALSE
	EndGlobalSection
	GlobalSection(ExtensibilityGlobals) = postSolution
		SolutionGuid = {B7802D8B-E991-4C68-89B7-5D8EBC439F0A}
	EndGlobalSection
EndGlobal
